github.com/domainry/domainry-foundation v0.1.3 h1:1/uuls2tAGie8Qs3Eg93D3TqYWmCrgWLdkCSebLY7Mk=
github.com/domainry/domainry-foundation v0.1.3/go.mod h1:pkwel8FFfbVkjAptEDWsA7BxaoPJM8kiQkOwPaIR7eI=
github.com/domainry/domainry-orm v0.1.30 h1:5QOtG2qRzV1PhiioS2aKfCoEt9ab3OBucwicHAn/5HQ=
github.com/domainry/domainry-orm v0.1.30/go.mod h1:gB/ooN737tsBYHbeHqCpngEprvdvZKp0Zygtzv+IPJY=
